<?xml version="1.0" encoding="utf-8"?>
<Project ToolsVersion="4.0" xmlns="http://schemas.microsoft.com/developer/msbuild/2003">
  <ItemGroup>
    <ClCompile Include="Daruma.cpp" />
    <ClCompile Include="GameScene.cpp" />
    <ClCompile Include="Input.cpp" />
    <ClCompile Include="main.cpp" />
    <ClCompile Include="PileEffect.cpp" />
    <ClCompile Include="Star.cpp" />
    <ClCompile Include="Util.cpp" />
    <ClCompile Include="Vector2.cpp" />
    <ClCompile Include="TitleScene.cpp" />
    <ClCompile Include="SlapKoma.cpp" />
    <ClCompile Include="AngryEffect.cpp" />
    <ClCompile Include="Angry.cpp" />
  </ItemGroup>
  <ItemGroup>
    <ClInclude Include="Daruma.h" />
    <ClInclude Include="GameScene.h" />
    <ClInclude Include="Input.h" />
    <ClInclude Include="main.h" />
    <ClInclude Include="PileEffect.h" />
    <ClInclude Include="PlayerContorol.h" />
    <ClInclude Include="Star.h" />
    <ClInclude Include="struct.h" />
    <ClInclude Include="Util.h" />
    <ClInclude Include="Vector2.h" />
    <ClInclude Include="TitleScene.h" />
    <ClInclude Include="SlapKoma.h" />
    <ClInclude Include="AngryEffect.h" />
    <ClInclude Include="Angry.h" />
  </ItemGroup>
</Project>