<?xml version="1.0" encoding="utf-8"?>
<Project ToolsVersion="4.0" xmlns="http://schemas.microsoft.com/developer/msbuild/2003">
  <ItemGroup>
    <ClCompile Include="Vector2.cpp">
      <Filter>ソースファイル</Filter>
    </ClCompile>
    <ClCompile Include="Util.cpp">
      <Filter>ソースファイル</Filter>
    </ClCompile>
    <ClCompile Include="TitleScene.cpp">
      <Filter>ソースファイル</Filter>
    </ClCompile>
    <ClCompile Include="Star.cpp">
      <Filter>ソースファイル</Filter>
    </ClCompile>
    <ClCompile Include="SlapKoma.cpp">
      <Filter>ソースファイル</Filter>
    </ClCompile>
    <ClCompile Include="Score.cpp">
      <Filter>ソースファイル</Filter>
    </ClCompile>
    <ClCompile Include="PileEffect.cpp">
      <Filter>ソースファイル</Filter>
    </ClCompile>
    <ClCompile Include="main.cpp">
      <Filter>ソースファイル</Filter>
    </ClCompile>
    <ClCompile Include="Input.cpp">
      <Filter>ソースファイル</Filter>
    </ClCompile>
    <ClCompile Include="GameTime.cpp">
      <Filter>ソースファイル</Filter>
    </ClCompile>
    <ClCompile Include="GameScene.cpp">
      <Filter>ソースファイル</Filter>
    </ClCompile>
    <ClCompile Include="Daruma.cpp">
      <Filter>ソースファイル</Filter>
    </ClCompile>
    <ClCompile Include="AngryEffect.cpp">
      <Filter>ソースファイル</Filter>
    </ClCompile>
    <ClCompile Include="Angry.cpp">
      <Filter>ソースファイル</Filter>
    </ClCompile>
    <ClCompile Include="Audience.cpp">
      <Filter>ソースファイル</Filter>
    </ClCompile>
    <ClCompile Include="Ease.cpp">
      <Filter>ソースファイル</Filter>
    </ClCompile>
    <ClCompile Include="SlapHead.cpp">
      <Filter>ソースファイル</Filter>
    </ClCompile>
    <ClCompile Include="kurakka.cpp">
      <Filter>ソースファイル</Filter>
    </ClCompile>
    <ClCompile Include="SceneChangeEffect.cpp">
      <Filter>ソースファイル</Filter>
    </ClCompile>
    <ClCompile Include="Light.cpp">
      <Filter>ソースファイル</Filter>
    </ClCompile>
    <ClCompile Include="ResultScene.cpp">
      <Filter>ソースファイル</Filter>
    </ClCompile>
  </ItemGroup>
  <ItemGroup>
    <ClCompile Include="main.cpp">
      <Filter>ソース ファイル</Filter>
    </ClCompile>
    <ClCompile Include="GameScene.cpp">
      <Filter>ソース ファイル</Filter>
    </ClCompile>
    <ClCompile Include="Input.cpp">
      <Filter>ソース ファイル</Filter>
    </ClCompile>
    <ClCompile Include="Daruma.cpp">
      <Filter>ソース ファイル</Filter>
    </ClCompile>
    <ClCompile Include="PileEffect.cpp">
      <Filter>ソース ファイル</Filter>
    </ClCompile>
    <ClCompile Include="Vector2.cpp">
      <Filter>ソース ファイル</Filter>
    </ClCompile>
    <ClCompile Include="Util.cpp">
      <Filter>ソース ファイル</Filter>
    </ClCompile>
    <ClCompile Include="TitleScene.cpp">
      <Filter>ソース ファイル</Filter>
    </ClCompile>
    <ClInclude Include="Angry.h">
      <Filter>ヘッダーファイル</Filter>
    </ClInclude>
    <ClInclude Include="AngryEffect.h">
      <Filter>ヘッダーファイル</Filter>
    </ClInclude>
    <ClInclude Include="Daruma.h">
      <Filter>ヘッダーファイル</Filter>
    </ClInclude>
    <ClInclude Include="GameScene.h">
      <Filter>ヘッダーファイル</Filter>
    </ClInclude>
    <ClInclude Include="GameTime.h">
      <Filter>ヘッダーファイル</Filter>
    </ClInclude>
    <ClInclude Include="Input.h">
      <Filter>ヘッダーファイル</Filter>
    </ClInclude>
    <ClInclude Include="main.h">
      <Filter>ヘッダーファイル</Filter>
    </ClInclude>
    <ClInclude Include="PileEffect.h">
      <Filter>ヘッダーファイル</Filter>
    </ClInclude>
    <ClInclude Include="Score.h">
      <Filter>ヘッダーファイル</Filter>
    </ClInclude>
    <ClInclude Include="SlapKoma.h">
      <Filter>ヘッダーファイル</Filter>
    </ClInclude>
    <ClInclude Include="Star.h">
      <Filter>ヘッダーファイル</Filter>
    </ClInclude>
    <ClInclude Include="struct.h">
      <Filter>ヘッダーファイル</Filter>
    </ClInclude>
    <ClInclude Include="TitleScene.h">
      <Filter>ヘッダーファイル</Filter>
    </ClInclude>
    <ClInclude Include="Util.h">
      <Filter>ヘッダーファイル</Filter>
    </ClInclude>
    <ClInclude Include="Vector2.h">
      <Filter>ヘッダーファイル</Filter>
    </ClInclude>
  </ItemGroup>
  <ItemGroup>
    <ClInclude Include="GameScene.h">
      <Filter>ヘッダー ファイル</Filter>
    </ClInclude>
    <ClInclude Include="Input.h">
      <Filter>ヘッダー ファイル</Filter>
    </ClInclude>
    <ClInclude Include="Daruma.h">
      <Filter>ヘッダー ファイル</Filter>
    </ClInclude>
    <ClInclude Include="PileEffect.h">
      <Filter>ヘッダー ファイル</Filter>
    </ClInclude>
    <ClInclude Include="struct.h">
      <Filter>ヘッダー ファイル</Filter>
    </ClInclude>
    <ClInclude Include="Vector2.h">
      <Filter>ヘッダー ファイル</Filter>
    </ClInclude>
    <ClInclude Include="Util.h">
      <Filter>ヘッダー ファイル</Filter>
    </ClInclude>
    <ClInclude Include="TitleScene.h">
      <Filter>ヘッダー ファイル</Filter>
    </ClInclude>
    <ClInclude Include="main.h">
      <Filter>ヘッダー ファイル</Filter>
    </ClInclude>
    <ClInclude Include="Audience.h">
      <Filter>ヘッダーファイル</Filter>
    </ClInclude>
    <ClInclude Include="Ease.h">
      <Filter>ヘッダーファイル</Filter>
    </ClInclude>
    <ClInclude Include="kurakka.h">
      <Filter>ヘッダーファイル</Filter>
    </ClInclude>
    <ClInclude Include="SlapHead.h">
      <Filter>ヘッダーファイル</Filter>
    </ClInclude>
    <ClInclude Include="SceneChangeEffect.h">
      <Filter>ヘッダーファイル</Filter>
    </ClInclude>
    <ClInclude Include="Light.h">
      <Filter>ヘッダーファイル</Filter>
    </ClInclude>
    <ClInclude Include="ResultScene.h">
      <Filter>ヘッダーファイル</Filter>
    </ClInclude>
  </ItemGroup>
  <ItemGroup>
    <Filter Include="ソースファイル">
      <UniqueIdentifier>{21d2a925-28fd-4dc7-890d-299df599817f}</UniqueIdentifier>
    </Filter>
    <Filter Include="ヘッダーファイル">
      <UniqueIdentifier>{c7994ac0-324d-43e6-b80a-4aaee2bf0533}</UniqueIdentifier>
    </Filter>
  </ItemGroup>
</Project>